{
  "requires": true,
  "lockfileVersion": 1,
  "dependencies": {
    "applause-button": {
      "version": "3.4.0",
      "resolved": "https://registry.npmjs.org/applause-button/-/applause-button-3.4.0.tgz",
      "integrity": "sha512-jYx7jSqITBXLQijuQ5aEoxb+PbjD8xCHgjvfWrvFFk/MtM8/DBT7gPHk0wTQPD7+IMwwZLw/9hMK/i5vX5kWEw==",
      "requires": {
        "document-register-element": "^1.8.1"
      }
    },
    "document-register-element": {
      "version": "1.14.10",
      "resolved": "https://registry.npmjs.org/document-register-element/-/document-register-element-1.14.10.tgz",
      "integrity": "sha512-w5UA37hEIrs+9pruo2yR5UD13c4UHDlkqqjt4qurnp7QsBI9b1IOi8WXUim+aCqKBsENX3Z/cso7XMOuwJH1Yw=="
    }
  }
}
