# THIS IS AN AUTOGENERATED FILE. DO NOT EDIT THIS FILE DIRECTLY.
# yarn lockfile v1


"@ungap/custom-elements@^1.3.0":
  version "1.3.0"
  resolved "https://registry.yarnpkg.com/@ungap/custom-elements/-/custom-elements-1.3.0.tgz#c1b7623887f774f274f308a1468098894826c2be"
  integrity sha512-f4q/s76+8nOy+fhrNHyetuoPDR01lmlZB5czfCG+OOnBw/Wf+x48DcCDPmMQY7oL8xYFL8qfenMoiS8DUkKBUw==

applause-button@^4.0.3:
  version "4.0.3"
  resolved "https://registry.yarnpkg.com/applause-button/-/applause-button-4.0.3.tgz#114923b95d775960555c6277ddf334454d6ee2e5"
  integrity sha512-jGBSSS+8rxpQIrMVAVhkjS8s5pGfnE5ZmZz8CTpU5qiRyoXpQv+a9wA6k7hcCcqvFLanMshikkodIC6qQ6KULw==
  dependencies:
    "@ungap/custom-elements" "^1.3.0"
