# THIS IS AN AUTOGENERATED FILE. DO NOT EDIT THIS FILE DIRECTLY.
# yarn lockfile v1


applause-button@^3.3.2:
  version "3.3.2"
  resolved "https://registry.yarnpkg.com/applause-button/-/applause-button-3.3.2.tgz#1d1d17868a0eb6abc6aea819dff9e4924143d1bc"
  integrity sha512-/b7X8dplrau0Gqs4FWYx0bTO43g/P1NMBLr5GDzUvWeOfySCpLLlazky7Dw/PowxMj51ayfK+adtTnqfUgG7pQ==
  dependencies:
    document-register-element "^1.8.1"

document-register-element@^1.8.1:
  version "1.14.10"
  resolved "https://registry.yarnpkg.com/document-register-element/-/document-register-element-1.14.10.tgz#a7bd025e6b73bd827fec2d8e90aba755e99387f5"
  integrity sha512-w5UA37hEIrs+9pruo2yR5UD13c4UHDlkqqjt4qurnp7QsBI9b1IOi8WXUim+aCqKBsENX3Z/cso7XMOuwJH1Yw==
