# THIS IS AN AUTOGENERATED FILE. DO NOT EDIT THIS FILE DIRECTLY.
# yarn lockfile v1


"applause-button@^3.3.2":
  "integrity" "sha512-jYx7jSqITBXLQijuQ5aEoxb+PbjD8xCHgjvfWrvFFk/MtM8/DBT7gPHk0wTQPD7+IMwwZLw/9hMK/i5vX5kWEw=="
  "resolved" "https://registry.npmjs.org/applause-button/-/applause-button-3.4.0.tgz"
  "version" "3.4.0"
  dependencies:
    "document-register-element" "^1.8.1"

"document-register-element@^1.8.1":
  "integrity" "sha512-w5UA37hEIrs+9pruo2yR5UD13c4UHDlkqqjt4qurnp7QsBI9b1IOi8WXUim+aCqKBsENX3Z/cso7XMOuwJH1Yw=="
  "resolved" "https://registry.npmjs.org/document-register-element/-/document-register-element-1.14.10.tgz"
  "version" "1.14.10"
